
Microsoft Visual Studio Solution File, Format Version 12.00
# Visual Studio Version 17
VisualStudioVersion = 17.9.34714.143
MinimumVisualStudioVersion = 10.0.40219.1
Project("{FAE04EC0-301F-11D3-BF4B-00C04F79EFBC}") = "PHMS", "PHMS.csproj", "{84C1B8B5-6952-44EA-9CE1-1A269B02433B}"
EndProject
Global
	GlobalSection(SolutionConfigurationPlatforms) = preSolution
		Debug|Any CPU = Debug|Any CPU
		Release|Any CPU = Release|Any CPU
	EndGlobalSection
	GlobalSection(ProjectConfigurationPlatforms) = postSolution
		{84C1B8B5-6952-44EA-9CE1-1A269B02433B}.Debug|Any CPU.ActiveCfg = Debug|Any CPU
		{84C1B8B5-6952-44EA-9CE1-1A269B02433B}.Debug|Any CPU.Build.0 = Debug|Any CPU
		{84C1B8B5-6952-44EA-9CE1-1A269B02433B}.Release|Any CPU.ActiveCfg = Release|Any CPU
		{84C1B8B5-6952-44EA-9CE1-1A269B02433B}.Release|Any CPU.Build.0 = Release|Any CPU
	EndGlobalSection
	GlobalSection(SolutionProperties) = preSolution
		HideSolutionNode = FALSE
	EndGlobalSection
	GlobalSection(ExtensibilityGlobals) = postSolution
		SolutionGuid = {3712A491-4771-4DF1-959C-75B3A8DE1766}
	EndGlobalSection
EndGlobal
